
Microsoft Visual Studio Solution File, Format Version 12.00
Project("{2150E333-8FDC-42A3-9474-1A3956D46DE8}") = "src", "src", "{A93F3E63-3722-421E-B24B-B46AD151D40A}"
EndProject
Project("{FAE04EC0-301F-11D3-BF4B-00C04F79EFBC}") = "Domain", "Domain\Domain.csproj", "{8FEE3ED7-FA77-43AC-9177-681F0E815E41}"
EndProject
Project("{FAE04EC0-301F-11D3-BF4B-00C04F79EFBC}") = "Application", "Application\Application.csproj", "{D5B5CAC6-64A6-46C3-BB7E-D03AF31C7FC9}"
EndProject
Project("{FAE04EC0-301F-11D3-BF4B-00C04F79EFBC}") = "Infrastructure", "Infrastructure\Infrastructure.csproj", "{CCDFEBA5-63BE-4308-9B8D-23256B622743}"
EndProject
Project("{FAE04EC0-301F-11D3-BF4B-00C04F79EFBC}") = "Presentation", "Presentation\Presentation.csproj", "{EA8CF1FA-CE9D-4EC1-94F4-D8596C669B65}"
EndProject
Project("{FAE04EC0-301F-11D3-BF4B-00C04F79EFBC}") = "Api", "Api\Api.csproj", "{90FDFD8E-C019-46CD-990B-F4BBC6EFDBF2}"
EndProject
Global
	GlobalSection(SolutionConfigurationPlatforms) = preSolution
		Debug|Any CPU = Debug|Any CPU
		Release|Any CPU = Release|Any CPU
	EndGlobalSection
	GlobalSection(NestedProjects) = preSolution
		{8FEE3ED7-FA77-43AC-9177-681F0E815E41} = {A93F3E63-3722-421E-B24B-B46AD151D40A}
		{D5B5CAC6-64A6-46C3-BB7E-D03AF31C7FC9} = {A93F3E63-3722-421E-B24B-B46AD151D40A}
		{CCDFEBA5-63BE-4308-9B8D-23256B622743} = {A93F3E63-3722-421E-B24B-B46AD151D40A}
		{EA8CF1FA-CE9D-4EC1-94F4-D8596C669B65} = {A93F3E63-3722-421E-B24B-B46AD151D40A}
		{90FDFD8E-C019-46CD-990B-F4BBC6EFDBF2} = {A93F3E63-3722-421E-B24B-B46AD151D40A}
	EndGlobalSection
	GlobalSection(ProjectConfigurationPlatforms) = postSolution
		{8FEE3ED7-FA77-43AC-9177-681F0E815E41}.Debug|Any CPU.ActiveCfg = Debug|Any CPU
		{8FEE3ED7-FA77-43AC-9177-681F0E815E41}.Debug|Any CPU.Build.0 = Debug|Any CPU
		{8FEE3ED7-FA77-43AC-9177-681F0E815E41}.Release|Any CPU.ActiveCfg = Release|Any CPU
		{8FEE3ED7-FA77-43AC-9177-681F0E815E41}.Release|Any CPU.Build.0 = Release|Any CPU
		{D5B5CAC6-64A6-46C3-BB7E-D03AF31C7FC9}.Debug|Any CPU.ActiveCfg = Debug|Any CPU
		{D5B5CAC6-64A6-46C3-BB7E-D03AF31C7FC9}.Debug|Any CPU.Build.0 = Debug|Any CPU
		{D5B5CAC6-64A6-46C3-BB7E-D03AF31C7FC9}.Release|Any CPU.ActiveCfg = Release|Any CPU
		{D5B5CAC6-64A6-46C3-BB7E-D03AF31C7FC9}.Release|Any CPU.Build.0 = Release|Any CPU
		{CCDFEBA5-63BE-4308-9B8D-23256B622743}.Debug|Any CPU.ActiveCfg = Debug|Any CPU
		{CCDFEBA5-63BE-4308-9B8D-23256B622743}.Debug|Any CPU.Build.0 = Debug|Any CPU
		{CCDFEBA5-63BE-4308-9B8D-23256B622743}.Release|Any CPU.ActiveCfg = Release|Any CPU
		{CCDFEBA5-63BE-4308-9B8D-23256B622743}.Release|Any CPU.Build.0 = Release|Any CPU
		{EA8CF1FA-CE9D-4EC1-94F4-D8596C669B65}.Debug|Any CPU.ActiveCfg = Debug|Any CPU
		{EA8CF1FA-CE9D-4EC1-94F4-D8596C669B65}.Debug|Any CPU.Build.0 = Debug|Any CPU
		{EA8CF1FA-CE9D-4EC1-94F4-D8596C669B65}.Release|Any CPU.ActiveCfg = Release|Any CPU
		{EA8CF1FA-CE9D-4EC1-94F4-D8596C669B65}.Release|Any CPU.Build.0 = Release|Any CPU
		{90FDFD8E-C019-46CD-990B-F4BBC6EFDBF2}.Debug|Any CPU.ActiveCfg = Debug|Any CPU
		{90FDFD8E-C019-46CD-990B-F4BBC6EFDBF2}.Debug|Any CPU.Build.0 = Debug|Any CPU
		{90FDFD8E-C019-46CD-990B-F4BBC6EFDBF2}.Release|Any CPU.ActiveCfg = Release|Any CPU
		{90FDFD8E-C019-46CD-990B-F4BBC6EFDBF2}.Release|Any CPU.Build.0 = Release|Any CPU
	EndGlobalSection
EndGlobal
